
Microsoft Visual Studio Solution File, Format Version 12.00
# Visual Studio Version 17
VisualStudioVersion = 17.7.34221.43
MinimumVisualStudioVersion = 10.0.40219.1
Project("{8BC9CEB8-8B4A-11D0-8D11-00A0C91BC942}") = "3DCubeRendering", "3DCubeRendering\3DCubeRendering.vcxproj", "{1091F15F-CD24-41FC-88EE-E90B6B827BA7}"
EndProject
Global
	GlobalSection(SolutionConfigurationPlatforms) = preSolution
		Debug|ARM64 = Debug|ARM64
		Debug|x64 = Debug|x64
		Debug|x86 = Debug|x86
		Release|ARM64 = Release|ARM64
		Release|x64 = Release|x64
		Release|x86 = Release|x86
		Release2|ARM64 = Release2|ARM64
		Release2|x64 = Release2|x64
		Release2|x86 = Release2|x86
	EndGlobalSection
	GlobalSection(ProjectConfigurationPlatforms) = postSolution
		{1091F15F-CD24-41FC-88EE-E90B6B827BA7}.Debug|ARM64.ActiveCfg = Debug|ARM64
		{1091F15F-CD24-41FC-88EE-E90B6B827BA7}.Debug|ARM64.Build.0 = Debug|ARM64
		{1091F15F-CD24-41FC-88EE-E90B6B827BA7}.Debug|x64.ActiveCfg = Debug|x64
		{1091F15F-CD24-41FC-88EE-E90B6B827BA7}.Debug|x64.Build.0 = Debug|x64
		{1091F15F-CD24-41FC-88EE-E90B6B827BA7}.Debug|x86.ActiveCfg = Debug|Win32
		{1091F15F-CD24-41FC-88EE-E90B6B827BA7}.Debug|x86.Build.0 = Debug|Win32
		{1091F15F-CD24-41FC-88EE-E90B6B827BA7}.Release|ARM64.ActiveCfg = Release|ARM64
		{1091F15F-CD24-41FC-88EE-E90B6B827BA7}.Release|ARM64.Build.0 = Release|ARM64
		{1091F15F-CD24-41FC-88EE-E90B6B827BA7}.Release|x64.ActiveCfg = Release|x64
		{1091F15F-CD24-41FC-88EE-E90B6B827BA7}.Release|x64.Build.0 = Release|x64
		{1091F15F-CD24-41FC-88EE-E90B6B827BA7}.Release|x86.ActiveCfg = Release|Win32
		{1091F15F-CD24-41FC-88EE-E90B6B827BA7}.Release|x86.Build.0 = Release|Win32
		{1091F15F-CD24-41FC-88EE-E90B6B827BA7}.Release2|ARM64.ActiveCfg = Release2|ARM64
		{1091F15F-CD24-41FC-88EE-E90B6B827BA7}.Release2|ARM64.Build.0 = Release2|ARM64
		{1091F15F-CD24-41FC-88EE-E90B6B827BA7}.Release2|x64.ActiveCfg = Release2|x64
		{1091F15F-CD24-41FC-88EE-E90B6B827BA7}.Release2|x64.Build.0 = Release2|x64
		{1091F15F-CD24-41FC-88EE-E90B6B827BA7}.Release2|x86.ActiveCfg = Release2|Win32
		{1091F15F-CD24-41FC-88EE-E90B6B827BA7}.Release2|x86.Build.0 = Release2|Win32
	EndGlobalSection
	GlobalSection(SolutionProperties) = preSolution
		HideSolutionNode = FALSE
	EndGlobalSection
	GlobalSection(ExtensibilityGlobals) = postSolution
		SolutionGuid = {FB95A349-8A6F-4019-AB7D-A4F4FB17E99F}
	EndGlobalSection
EndGlobal
